
Microsoft Visual Studio Solution File, Format Version 12.00
# Visual Studio Version 16
VisualStudioVersion = 16.0.31105.61
MinimumVisualStudioVersion = 10.0.40219.1
Project("{9A19103F-16F7-4668-BE54-9A1E7A4F7556}") = "GrpcServiceProject", "GrpcServiceProject\GrpcServiceProject.csproj", "{1B686B30-3C75-4510-812E-A5ED347E3A89}"
EndProject
Project("{FAE04EC0-301F-11D3-BF4B-00C04F79EFBC}") = "gRPCClient", "gRPCClient\gRPCClient.csproj", "{F1516216-1796-4704-892C-226FC67BEB84}"
EndProject
Global
	GlobalSection(SolutionConfigurationPlatforms) = preSolution
		Debug|Any CPU = Debug|Any CPU
		Release|Any CPU = Release|Any CPU
	EndGlobalSection
	GlobalSection(ProjectConfigurationPlatforms) = postSolution
		{1B686B30-3C75-4510-812E-A5ED347E3A89}.Debug|Any CPU.ActiveCfg = Debug|Any CPU
		{1B686B30-3C75-4510-812E-A5ED347E3A89}.Debug|Any CPU.Build.0 = Debug|Any CPU
		{1B686B30-3C75-4510-812E-A5ED347E3A89}.Release|Any CPU.ActiveCfg = Release|Any CPU
		{1B686B30-3C75-4510-812E-A5ED347E3A89}.Release|Any CPU.Build.0 = Release|Any CPU
		{F1516216-1796-4704-892C-226FC67BEB84}.Debug|Any CPU.ActiveCfg = Debug|Any CPU
		{F1516216-1796-4704-892C-226FC67BEB84}.Debug|Any CPU.Build.0 = Debug|Any CPU
		{F1516216-1796-4704-892C-226FC67BEB84}.Release|Any CPU.ActiveCfg = Release|Any CPU
		{F1516216-1796-4704-892C-226FC67BEB84}.Release|Any CPU.Build.0 = Release|Any CPU
	EndGlobalSection
	GlobalSection(SolutionProperties) = preSolution
		HideSolutionNode = FALSE
	EndGlobalSection
	GlobalSection(ExtensibilityGlobals) = postSolution
		SolutionGuid = {22C1ECE2-898F-4A58-A7CA-ED6984728E71}
	EndGlobalSection
EndGlobal
